// !$*UTF8*$!
{
	archiveVersion = 1;
	classes = {
	};
	objectVersion = 46;
	objects = {

/* Begin PBXBuildFile section */
		1B9DEB471B56D0B0008A8062 /* AppDelegate.swift in Sources */ = {isa = PBXBuildFile; fileRef = 1B9DEB461B56D0B0008A8062 /* AppDelegate.swift */; };
		1B9DEB491B56D0B0008A8062 /* ViewController.swift in Sources */ = {isa = PBXBuildFile; fileRef = 1B9DEB481B56D0B0008A8062 /* ViewController.swift */; };
		1B9DEB4C1B56D0B0008A8062 /* Main.storyboard in Resources */ = {isa = PBXBuildFile; fileRef = 1B9DEB4A1B56D0B0008A8062 /* Main.storyboard */; };
		1B9DEB4E1B56D0B0008A8062 /* Assets.xcassets in Resources */ = {isa = PBXBuildFile; fileRef = 1B9DEB4D1B56D0B0008A8062 /* Assets.xcassets */; };
		1B9DEB511B56D0B0008A8062 /* LaunchScreen.storyboard in Resources */ = {isa = PBXBuildFile; fileRef = 1B9DEB4F1B56D0B0008A8062 /* LaunchScreen.storyboard */; };
		1B9DEB5C1B56D0B1008A8062 /* IndianRecepieTests.swift in Sources */ = {isa = PBXBuildFile; fileRef = 1B9DEB5B1B56D0B1008A8062 /* IndianRecepieTests.swift */; };
		1B9DEB671B56D0B1008A8062 /* IndianRecepieUITests.swift in Sources */ = {isa = PBXBuildFile; fileRef = 1B9DEB661B56D0B1008A8062 /* IndianRecepieUITests.swift */; };
/* End PBXBuildFile section */

/* Begin PBXContainerItemProxy section */
		1B9DEB581B56D0B1008A8062 /* PBXContainerItemProxy */ = {
			isa = PBXContainerItemProxy;
			containerPortal = 1B9DEB3B1B56D0B0008A8062 /* Project object */;
			proxyType = 1;
			remoteGlobalIDString = 1B9DEB421B56D0B0008A8062;
			remoteInfo = IndianRecepie;
		};
		1B9DEB631B56D0B1008A8062 /* PBXContainerItemProxy */ = {
			isa = PBXContainerItemProxy;
			containerPortal = 1B9DEB3B1B56D0B0008A8062 /* Project object */;
			proxyType = 1;
			remoteGlobalIDString = 1B9DEB421B56D0B0008A8062;
			remoteInfo = IndianRecepie;
		};
/* End PBXContainerItemProxy section */

/* Begin PBXFileReference section */
		1B9DEB431B56D0B0008A8062 /* IndianRecepie.app */ = {isa = PBXFileReference; explicitFileType = wrapper.application; includeInIndex = 0; path = IndianRecepie.app; sourceTree = BUILT_PRODUCTS_DIR; };
		1B9DEB461B56D0B0008A8062 /* AppDelegate.swift */ = {isa = PBXFileReference; lastKnownFileType = sourcecode.swift; path = AppDelegate.swift; sourceTree = "<group>"; };
		1B9DEB481B56D0B0008A8062 /* ViewController.swift */ = {isa = PBXFileReference; lastKnownFileType = sourcecode.swift; path = ViewController.swift; sourceTree = "<group>"; };
		1B9DEB4B1B56D0B0008A8062 /* Base */ = {isa = PBXFileReference; lastKnownFileType = file.storyboard; name = Base; path = Base.lproj/Main.storyboard; sourceTree = "<group>"; };
		1B9DEB4D1B56D0B0008A8062 /* Assets.xcassets */ = {isa = PBXFileReference; lastKnownFileType = folder.assetcatalog; path = Assets.xcassets; sourceTree = "<group>"; };
		1B9DEB501B56D0B0008A8062 /* Base */ = {isa = PBXFileReference; lastKnownFileType = file.storyboard; name = Base; path = Base.lproj/LaunchScreen.storyboard; sourceTree = "<group>"; };
		1B9DEB521B56D0B0008A8062 /* Info.plist */ = {isa = PBXFileReference; lastKnownFileType = text.plist.xml; path = Info.plist; sourceTree = "<group>"; };
		1B9DEB571B56D0B1008A8062 /* IndianRecepieTests.xctest */ = {isa = PBXFileReference; explicitFileType = wrapper.cfbundle; includeInIndex = 0; path = IndianRecepieTests.xctest; sourceTree = BUILT_PRODUCTS_DIR; };
		1B9DEB5B1B56D0B1008A8062 /* IndianRecepieTests.swift */ = {isa = PBXFileReference; lastKnownFileType = sourcecode.swift; path = IndianRecepieTests.swift; sourceTree = "<group>"; };
		1B9DEB5D1B56D0B1008A8062 /* Info.plist */ = {isa = PBXFileReference; lastKnownFileType = text.plist.xml; path = Info.plist; sourceTree = "<group>"; };
		1B9DEB621B56D0B1008A8062 /* IndianRecepieUITests.xctest */ = {isa = PBXFileReference; explicitFileType = wrapper.cfbundle; includeInIndex = 0; path = IndianRecepieUITests.xctest; sourceTree = BUILT_PRODUCTS_DIR; };
		1B9DEB661B56D0B1008A8062 /* IndianRecepieUITests.swift */ = {isa = PBXFileReference; lastKnownFileType = sourcecode.swift; path = IndianRecepieUITests.swift; sourceTree = "<group>"; };
		1B9DEB681B56D0B1008A8062 /* Info.plist */ = {isa = PBXFileReference; lastKnownFileType = text.plist.xml; path = Info.plist; sourceTree = "<group>"; };
/* End PBXFileReference section */

/* Begin PBXFrameworksBuildPhase section */
		1B9DEB401B56D0B0008A8062 /* Frameworks */ = {
			isa = PBXFrameworksBuildPhase;
			buildActionMask = 2147483647;
			files = (
			);
			runOnlyForDeploymentPostprocessing = 0;
		};
		1B9DEB541B56D0B1008A8062 /* Frameworks */ = {
			isa = PBXFrameworksBuildPhase;
			buildActionMask = 2147483647;
			files = (
			);
			runOnlyForDeploymentPostprocessing = 0;
		};
		1B9DEB5F1B56D0B1008A8062 /* Frameworks */ = {
			isa = PBXFrameworksBuildPhase;
			buildActionMask = 2147483647;
			files = (
			);
			runOnlyForDeploymentPostprocessing = 0;
		};
/* End PBXFrameworksBuildPhase section */

/* Begin PBXGroup section */
		1B9DEB3A1B56D0B0008A8062 = {
			isa = PBXGroup;
			children = (
				1B9DEB451B56D0B0008A8062 /* IndianRecepie */,
				1B9DEB5A1B56D0B1008A8062 /* IndianRecepieTests */,
				1B9DEB651B56D0B1008A8062 /* IndianRecepieUITests */,
				1B9DEB441B56D0B0008A8062 /* Products */,
			);
			sourceTree = "<group>";
		};
		1B9DEB441B56D0B0008A8062 /* Products */ = {
			isa = PBXGroup;
			children = (
				1B9DEB431B56D0B0008A8062 /* IndianRecepie.app */,
				1B9DEB571B56D0B1008A8062 /* IndianRecepieTests.xctest */,
				1B9DEB621B56D0B1008A8062 /* IndianRecepieUITests.xctest */,
			);
			name = Products;
			sourceTree = "<group>";
		};
		1B9DEB451B56D0B0008A8062 /* IndianRecepie */ = {
			isa = PBXGroup;
			children = (
				1B9DEB461B56D0B0008A8062 /* AppDelegate.swift */,
				1B9DEB481B56D0B0008A8062 /* ViewController.swift */,
				1B9DEB4A1B56D0B0008A8062 /* Main.storyboard */,
				1B9DEB4D1B56D0B0008A8062 /* Assets.xcassets */,
				1B9DEB4F1B56D0B0008A8062 /* LaunchScreen.storyboard */,
				1B9DEB521B56D0B0008A8062 /* Info.plist */,
			);
			path = IndianRecepie;
			sourceTree = "<group>";
		};
		1B9DEB5A1B56D0B1008A8062 /* IndianRecepieTests */ = {
			isa = PBXGroup;
			children = (
				1B9DEB5B1B56D0B1008A8062 /* IndianRecepieTests.swift */,
				1B9DEB5D1B56D0B1008A8062 /* Info.plist */,
			);
			path = IndianRecepieTests;
			sourceTree = "<group>";
		};
		1B9DEB651B56D0B1008A8062 /* IndianRecepieUITests */ = {
			isa = PBXGroup;
			children = (
				1B9DEB661B56D0B1008A8062 /* IndianRecepieUITests.swift */,
				1B9DEB681B56D0B1008A8062 /* Info.plist */,
			);
			path = IndianRecepieUITests;
			sourceTree = "<group>";
		};
/* End PBXGroup section */

/* Begin PBXNativeTarget section */
		1B9DEB421B56D0B0008A8062 /* IndianRecepie */ = {
			isa = PBXNativeTarget;
			buildConfigurationList = 1B9DEB6B1B56D0B1008A8062 /* Build configuration list for PBXNativeTarget "IndianRecepie" */;
			buildPhases = (
				1B9DEB3F1B56D0B0008A8062 /* Sources */,
				1B9DEB401B56D0B0008A8062 /* Frameworks */,
				1B9DEB411B56D0B0008A8062 /* Resources */,
			);
			buildRules = (
			);
			dependencies = (
			);
			name = IndianRecepie;
			productName = IndianRecepie;
			productReference = 1B9DEB431B56D0B0008A8062 /* IndianRecepie.app */;
			productType = "com.apple.product-type.application";
		};
		1B9DEB561B56D0B1008A8062 /* IndianRecepieTests */ = {
			isa = PBXNativeTarget;
			buildConfigurationList = 1B9DEB6E1B56D0B1008A8062 /* Build configuration list for PBXNativeTarget "IndianRecepieTests" */;
			buildPhases = (
				1B9DEB531B56D0B1008A8062 /* Sources */,
				1B9DEB541B56D0B1008A8062 /* Frameworks */,
				1B9DEB551B56D0B1008A8062 /* Resources */,
			);
			buildRules = (
			);
			dependencies = (
				1B9DEB591B56D0B1008A8062 /* PBXTargetDependency */,
			);
			name = IndianRecepieTests;
			productName = IndianRecepieTests;
			productReference = 1B9DEB571B56D0B1008A8062 /* IndianRecepieTests.xctest */;
			productType = "com.apple.product-type.bundle.unit-test";
		};
		1B9DEB611B56D0B1008A8062 /* IndianRecepieUITests */ = {
			isa = PBXNativeTarget;
			buildConfigurationList = 1B9DEB711B56D0B1008A8062 /* Build configuration list for PBXNativeTarget "IndianRecepieUITests" */;
			buildPhases = (
				1B9DEB5E1B56D0B1008A8062 /* Sources */,
				1B9DEB5F1B56D0B1008A8062 /* Frameworks */,
				1B9DEB601B56D0B1008A8062 /* Resources */,
			);
			buildRules = (
			);
			dependencies = (
				1B9DEB641B56D0B1008A8062 /* PBXTargetDependency */,
			);
			name = IndianRecepieUITests;
			productName = IndianRecepieUITests;
			productReference = 1B9DEB621B56D0B1008A8062 /* IndianRecepieUITests.xctest */;
			productType = "com.apple.product-type.bundle.ui-testing";
		};
/* End PBXNativeTarget section */

/* Begin PBXProject section */
		1B9DEB3B1B56D0B0008A8062 /* Project object */ = {
			isa = PBXProject;
			attributes = {
				LastUpgradeCheck = 0700;
				ORGANIZATIONNAME = "Ravi Ranjan";
				TargetAttributes = {
					1B9DEB421B56D0B0008A8062 = {
						CreatedOnToolsVersion = 7.0;
					};
					1B9DEB561B56D0B1008A8062 = {
						CreatedOnToolsVersion = 7.0;
						TestTargetID = 1B9DEB421B56D0B0008A8062;
					};
					1B9DEB611B56D0B1008A8062 = {
						CreatedOnToolsVersion = 7.0;
						TestTargetID = 1B9DEB421B56D0B0008A8062;
					};
				};
			};
			buildConfigurationList = 1B9DEB3E1B56D0B0008A8062 /* Build configuration list for PBXProject "IndianRecepie" */;
			compatibilityVersion = "Xcode 3.2";
			developmentRegion = English;
			hasScannedForEncodings = 0;
			knownRegions = (
				en,
				Base,
			);
			mainGroup = 1B9DEB3A1B56D0B0008A8062;
			productRefGroup = 1B9DEB441B56D0B0008A8062 /* Products */;
			projectDirPath = "";
			projectRoot = "";
			targets = (
				1B9DEB421B56D0B0008A8062 /* IndianRecepie */,
				1B9DEB561B56D0B1008A8062 /* IndianRecepieTests */,
				1B9DEB611B56D0B1008A8062 /* IndianRecepieUITests */,
			);
		};
/* End PBXProject section */

/* Begin PBXResourcesBuildPhase section */
		1B9DEB411B56D0B0008A8062 /* Resources */ = {
			isa = PBXResourcesBuildPhase;
			buildActionMask = 2147483647;
			files = (
				1B9DEB511B56D0B0008A8062 /* LaunchScreen.storyboard in Resources */,
				1B9DEB4E1B56D0B0008A8062 /* Assets.xcassets in Resources */,
				1B9DEB4C1B56D0B0008A8062 /* Main.storyboard in Resources */,
			);
			runOnlyForDeploymentPostprocessing = 0;
		};
		1B9DEB551B56D0B1008A8062 /* Resources */ = {
			isa = PBXResourcesBuildPhase;
			buildActionMask = 2147483647;
			files = (
			);
			runOnlyForDeploymentPostprocessing = 0;
		};
		1B9DEB601B56D0B1008A8062 /* Resources */ = {
			isa = PBXResourcesBuildPhase;
			buildActionMask = 2147483647;
			files = (
			);
			runOnlyForDeploymentPostprocessing = 0;
		};
/* End PBXResourcesBuildPhase section */

/* Begin PBXSourcesBuildPhase section */
		1B9DEB3F1B56D0B0008A8062 /* Sources */ = {
			isa = PBXSourcesBuildPhase;
			buildActionMask = 2147483647;
			files = (
				1B9DEB491B56D0B0008A8062 /* ViewController.swift in Sources */,
				1B9DEB471B56D0B0008A8062 /* AppDelegate.swift in Sources */,
			);
			runOnlyForDeploymentPostprocessing = 0;
		};
		1B9DEB531B56D0B1008A8062 /* Sources */ = {
			isa = PBXSourcesBuildPhase;
			buildActionMask = 2147483647;
			files = (
				1B9DEB5C1B56D0B1008A8062 /* IndianRecepieTests.swift in Sources */,
			);
			runOnlyForDeploymentPostprocessing = 0;
		};
		1B9DEB5E1B56D0B1008A8062 /* Sources */ = {
			isa = PBXSourcesBuildPhase;
			buildActionMask = 2147483647;
			files = (
				1B9DEB671B56D0B1008A8062 /* IndianRecepieUITests.swift in Sources */,
			);
			runOnlyForDeploymentPostprocessing = 0;
		};
/* End PBXSourcesBuildPhase section */

/* Begin PBXTargetDependency section */
		1B9DEB591B56D0B1008A8062 /* PBXTargetDependency */ = {
			isa = PBXTargetDependency;
			target = 1B9DEB421B56D0B0008A8062 /* IndianRecepie */;
			targetProxy = 1B9DEB581B56D0B1008A8062 /* PBXContainerItemProxy */;
		};
		1B9DEB641B56D0B1008A8062 /* PBXTargetDependency */ = {
			isa = PBXTargetDependency;
			target = 1B9DEB421B56D0B0008A8062 /* IndianRecepie */;
			targetProxy = 1B9DEB631B56D0B1008A8062 /* PBXContainerItemProxy */;
		};
/* End PBXTargetDependency section */

/* Begin PBXVariantGroup section */
		1B9DEB4A1B56D0B0008A8062 /* Main.storyboard */ = {
			isa = PBXVariantGroup;
			children = (
				1B9DEB4B1B56D0B0008A8062 /* Base */,
			);
			name = Main.storyboard;
			sourceTree = "<group>";
		};
		1B9DEB4F1B56D0B0008A8062 /* LaunchScreen.storyboard */ = {
			isa = PBXVariantGroup;
			children = (
				1B9DEB501B56D0B0008A8062 /* Base */,
			);
			name = LaunchScreen.storyboard;
			sourceTree = "<group>";
		};
/* End PBXVariantGroup section */

/* Begin XCBuildConfiguration section */
		1B9DEB691B56D0B1008A8062 /* Debug */ = {
			isa = XCBuildConfiguration;
			buildSettings = {
				ALWAYS_SEARCH_USER_PATHS = NO;
				CLANG_CXX_LANGUAGE_STANDARD = "gnu++0x";
				CLANG_CXX_LIBRARY = "libc++";
				CLANG_ENABLE_MODULES = YES;
				CLANG_ENABLE_OBJC_ARC = YES;
				CLANG_WARN_BOOL_CONVERSION = YES;
				CLANG_WARN_CONSTANT_CONVERSION = YES;
				CLANG_WARN_DIRECT_OBJC_ISA_USAGE = YES_ERROR;
				CLANG_WARN_EMPTY_BODY = YES;
				CLANG_WARN_ENUM_CONVERSION = YES;
				CLANG_WARN_INT_CONVERSION = YES;
				CLANG_WARN_OBJC_ROOT_CLASS = YES_ERROR;
				CLANG_WARN_UNREACHABLE_CODE = YES;
				CLANG_WARN__DUPLICATE_METHOD_MATCH = YES;
				"CODE_SIGN_IDENTITY[sdk=iphoneos*]" = "iPhone Developer";
				COPY_PHASE_STRIP = NO;
				DEBUG_INFORMATION_FORMAT = dwarf;
				ENABLE_STRICT_OBJC_MSGSEND = YES;
				ENABLE_TESTABILITY = YES;
				GCC_C_LANGUAGE_STANDARD = gnu99;
				GCC_DYNAMIC_NO_PIC = NO;
				GCC_NO_COMMON_BLOCKS = YES;
				GCC_OPTIMIZATION_LEVEL = 0;
				GCC_PREPROCESSOR_DEFINITIONS = (
					"DEBUG=1",
					"$(inherited)",
				);
				GCC_WARN_64_TO_32_BIT_CONVERSION = YES;
				GCC_WARN_ABOUT_RETURN_TYPE = YES_ERROR;
				GCC_WARN_UNDECLARED_SELECTOR = YES;
				GCC_WARN_UNINITIALIZED_AUTOS = YES_AGGRESSIVE;
				GCC_WARN_UNUSED_FUNCTION = YES;
				GCC_WARN_UNUSED_VARIABLE = YES;
				IPHONEOS_DEPLOYMENT_TARGET = 9.0;
				MTL_ENABLE_DEBUG_INFO = YES;
				ONLY_ACTIVE_ARCH = YES;
				SDKROOT = iphoneos;
				SWIFT_OPTIMIZATION_LEVEL = "-Onone";
			};
			name = Debug;
		};
		1B9DEB6A1B56D0B1008A8062 /* Release */ = {
			isa = XCBuildConfiguration;
			buildSettings = {
				ALWAYS_SEARCH_USER_PATHS = NO;
				CLANG_CXX_LANGUAGE_STANDARD = "gnu++0x";
				CLANG_CXX_LIBRARY = "libc++";
				CLANG_ENABLE_MODULES = YES;
				CLANG_ENABLE_OBJC_ARC = YES;
				CLANG_WARN_BOOL_CONVERSION = YES;
				CLANG_WARN_CONSTANT_CONVERSION = YES;
				CLANG_WARN_DIRECT_OBJC_ISA_USAGE = YES_ERROR;
				CLANG_WARN_EMPTY_BODY = YES;
				CLANG_WARN_ENUM_CONVERSION = YES;
				CLANG_WARN_INT_CONVERSION = YES;
				CLANG_WARN_OBJC_ROOT_CLASS = YES_ERROR;
				CLANG_WARN_UNREACHABLE_CODE = YES;
				CLANG_WARN__DUPLICATE_METHOD_MATCH = YES;
				"CODE_SIGN_IDENTITY[sdk=iphoneos*]" = "iPhone Developer";
				COPY_PHASE_STRIP = NO;
				DEBUG_INFORMATION_FORMAT = "dwarf-with-dsym";
				ENABLE_NS_ASSERTIONS = NO;
				ENABLE_STRICT_OBJC_MSGSEND = YES;
				GCC_C_LANGUAGE_STANDARD = gnu99;
				GCC_NO_COMMON_BLOCKS = YES;
				GCC_WARN_64_TO_32_BIT_CONVERSION = YES;
				GCC_WARN_ABOUT_RETURN_TYPE = YES_ERROR;
				GCC_WARN_UNDECLARED_SELECTOR = YES;
				GCC_WARN_UNINITIALIZED_AUTOS = YES_AGGRESSIVE;
				GCC_WARN_UNUSED_FUNCTION = YES;
				GCC_WARN_UNUSED_VARIABLE = YES;
				IPHONEOS_DEPLOYMENT_TARGET = 9.0;
				MTL_ENABLE_DEBUG_INFO = NO;
				SDKROOT = iphoneos;
				VALIDATE_PRODUCT = YES;
			};
			name = Release;
		};
		1B9DEB6C1B56D0B1008A8062 /* Debug */ = {
			isa = XCBuildConfiguration;
			buildSettings = {
				ASSETCATALOG_COMPILER_APPICON_NAME = AppIcon;
				INFOPLIST_FILE = IndianRecepie/Info.plist;
				LD_RUNPATH_SEARCH_PATHS = "$(inherited) @executable_path/Frameworks";
				PRODUCT_BUNDLE_IDENTIFIER = com.apppers.IndianRecepie;
				PRODUCT_NAME = "$(TARGET_NAME)";
			};
			name = Debug;
		};
		1B9DEB6D1B56D0B1008A8062 /* Release */ = {
			isa = XCBuildConfiguration;
			buildSettings = {
				ASSETCATALOG_COMPILER_APPICON_NAME = AppIcon;
				INFOPLIST_FILE = IndianRecepie/Info.plist;
				LD_RUNPATH_SEARCH_PATHS = "$(inherited) @executable_path/Frameworks";
				PRODUCT_BUNDLE_IDENTIFIER = com.apppers.IndianRecepie;
				PRODUCT_NAME = "$(TARGET_NAME)";
			};
			name = Release;
		};
		1B9DEB6F1B56D0B1008A8062 /* Debug */ = {
			isa = XCBuildConfiguration;
			buildSettings = {
				BUNDLE_LOADER = "$(TEST_HOST)";
				INFOPLIST_FILE = IndianRecepieTests/Info.plist;
				LD_RUNPATH_SEARCH_PATHS = "$(inherited) @executable_path/Frameworks @loader_path/Frameworks";
				PRODUCT_BUNDLE_IDENTIFIER = com.apppers.IndianRecepieTests;
				PRODUCT_NAME = "$(TARGET_NAME)";
				TEST_HOST = "$(BUILT_PRODUCTS_DIR)/IndianRecepie.app/IndianRecepie";
			};
			name = Debug;
		};
		1B9DEB701B56D0B1008A8062 /* Release */ = {
			isa = XCBuildConfiguration;
			buildSettings = {
				BUNDLE_LOADER = "$(TEST_HOST)";
				INFOPLIST_FILE = IndianRecepieTests/Info.plist;
				LD_RUNPATH_SEARCH_PATHS = "$(inherited) @executable_path/Frameworks @loader_path/Frameworks";
				PRODUCT_BUNDLE_IDENTIFIER = com.apppers.IndianRecepieTests;
				PRODUCT_NAME = "$(TARGET_NAME)";
				TEST_HOST = "$(BUILT_PRODUCTS_DIR)/IndianRecepie.app/IndianRecepie";
			};
			name = Release;
		};
		1B9DEB721B56D0B1008A8062 /* Debug */ = {
			isa = XCBuildConfiguration;
			buildSettings = {
				INFOPLIST_FILE = IndianRecepieUITests/Info.plist;
				LD_RUNPATH_SEARCH_PATHS = "$(inherited) @executable_path/Frameworks @loader_path/Frameworks";
				PRODUCT_BUNDLE_IDENTIFIER = com.apppers.IndianRecepieUITests;
				PRODUCT_NAME = "$(TARGET_NAME)";
				TEST_TARGET_NAME = IndianRecepie;
				USES_XCTRUNNER = YES;
			};
			name = Debug;
		};
		1B9DEB731B56D0B1008A8062 /* Release */ = {
			isa = XCBuildConfiguration;
			buildSettings = {
				INFOPLIST_FILE = IndianRecepieUITests/Info.plist;
				LD_RUNPATH_SEARCH_PATHS = "$(inherited) @executable_path/Frameworks @loader_path/Frameworks";
				PRODUCT_BUNDLE_IDENTIFIER = com.apppers.IndianRecepieUITests;
				PRODUCT_NAME = "$(TARGET_NAME)";
				TEST_TARGET_NAME = IndianRecepie;
				USES_XCTRUNNER = YES;
			};
			name = Release;
		};
/* End XCBuildConfiguration section */

/* Begin XCConfigurationList section */
		1B9DEB3E1B56D0B0008A8062 /* Build configuration list for PBXProject "IndianRecepie" */ = {
			isa = XCConfigurationList;
			buildConfigurations = (
				1B9DEB691B56D0B1008A8062 /* Debug */,
				1B9DEB6A1B56D0B1008A8062 /* Release */,
			);
			defaultConfigurationIsVisible = 0;
			defaultConfigurationName = Release;
		};
		1B9DEB6B1B56D0B1008A8062 /* Build configuration list for PBXNativeTarget "IndianRecepie" */ = {
			isa = XCConfigurationList;
			buildConfigurations = (
				1B9DEB6C1B56D0B1008A8062 /* Debug */,
				1B9DEB6D1B56D0B1008A8062 /* Release */,
			);
			defaultConfigurationIsVisible = 0;
		};
		1B9DEB6E1B56D0B1008A8062 /* Build configuration list for PBXNativeTarget "IndianRecepieTests" */ = {
			isa = XCConfigurationList;
			buildConfigurations = (
				1B9DEB6F1B56D0B1008A8062 /* Debug */,
				1B9DEB701B56D0B1008A8062 /* Release */,
			);
			defaultConfigurationIsVisible = 0;
		};
		1B9DEB711B56D0B1008A8062 /* Build configuration list for PBXNativeTarget "IndianRecepieUITests" */ = {
			isa = XCConfigurationList;
			buildConfigurations = (
				1B9DEB721B56D0B1008A8062 /* Debug */,
				1B9DEB731B56D0B1008A8062 /* Release */,
			);
			defaultConfigurationIsVisible = 0;
		};
/* End XCConfigurationList section */
	};
	rootObject = 1B9DEB3B1B56D0B0008A8062 /* Project object */;
}
